
Microsoft Visual Studio Solution File, Format Version 12.00
# Visual Studio 15
VisualStudioVersion = 15.0.26124.0
MinimumVisualStudioVersion = 15.0.26124.0
Project("{FAE04EC0-301F-11D3-BF4B-00C04F79EFBC}") = "Senai.Ifood.Domain", "Senai.Ifood.Domain\Senai.Ifood.Domain.csproj", "{A74C0CB0-4795-43C5-BBC1-82FEF24D65B7}"
EndProject
Project("{FAE04EC0-301F-11D3-BF4B-00C04F79EFBC}") = "Senai.Ifood.Repository", "Senai.Ifood.Repository\Senai.Ifood.Repository.csproj", "{639BEF66-A5B7-47C9-AB95-0AAC32C84E17}"
EndProject
Project("{FAE04EC0-301F-11D3-BF4B-00C04F79EFBC}") = "Senai.Ifood.WebApi", "Senai.Ifood.WebApi\Senai.Ifood.WebApi.csproj", "{D62B7300-C584-4AC2-B688-B27E34910F0E}"
EndProject
Global
	GlobalSection(SolutionConfigurationPlatforms) = preSolution
		Debug|Any CPU = Debug|Any CPU
		Debug|x64 = Debug|x64
		Debug|x86 = Debug|x86
		Release|Any CPU = Release|Any CPU
		Release|x64 = Release|x64
		Release|x86 = Release|x86
	EndGlobalSection
	GlobalSection(SolutionProperties) = preSolution
		HideSolutionNode = FALSE
	EndGlobalSection
	GlobalSection(ProjectConfigurationPlatforms) = postSolution
		{A74C0CB0-4795-43C5-BBC1-82FEF24D65B7}.Debug|Any CPU.ActiveCfg = Debug|Any CPU
		{A74C0CB0-4795-43C5-BBC1-82FEF24D65B7}.Debug|Any CPU.Build.0 = Debug|Any CPU
		{A74C0CB0-4795-43C5-BBC1-82FEF24D65B7}.Debug|x64.ActiveCfg = Debug|x64
		{A74C0CB0-4795-43C5-BBC1-82FEF24D65B7}.Debug|x64.Build.0 = Debug|x64
		{A74C0CB0-4795-43C5-BBC1-82FEF24D65B7}.Debug|x86.ActiveCfg = Debug|x86
		{A74C0CB0-4795-43C5-BBC1-82FEF24D65B7}.Debug|x86.Build.0 = Debug|x86
		{A74C0CB0-4795-43C5-BBC1-82FEF24D65B7}.Release|Any CPU.ActiveCfg = Release|Any CPU
		{A74C0CB0-4795-43C5-BBC1-82FEF24D65B7}.Release|Any CPU.Build.0 = Release|Any CPU
		{A74C0CB0-4795-43C5-BBC1-82FEF24D65B7}.Release|x64.ActiveCfg = Release|x64
		{A74C0CB0-4795-43C5-BBC1-82FEF24D65B7}.Release|x64.Build.0 = Release|x64
		{A74C0CB0-4795-43C5-BBC1-82FEF24D65B7}.Release|x86.ActiveCfg = Release|x86
		{A74C0CB0-4795-43C5-BBC1-82FEF24D65B7}.Release|x86.Build.0 = Release|x86
		{639BEF66-A5B7-47C9-AB95-0AAC32C84E17}.Debug|Any CPU.ActiveCfg = Debug|Any CPU
		{639BEF66-A5B7-47C9-AB95-0AAC32C84E17}.Debug|Any CPU.Build.0 = Debug|Any CPU
		{639BEF66-A5B7-47C9-AB95-0AAC32C84E17}.Debug|x64.ActiveCfg = Debug|x64
		{639BEF66-A5B7-47C9-AB95-0AAC32C84E17}.Debug|x64.Build.0 = Debug|x64
		{639BEF66-A5B7-47C9-AB95-0AAC32C84E17}.Debug|x86.ActiveCfg = Debug|x86
		{639BEF66-A5B7-47C9-AB95-0AAC32C84E17}.Debug|x86.Build.0 = Debug|x86
		{639BEF66-A5B7-47C9-AB95-0AAC32C84E17}.Release|Any CPU.ActiveCfg = Release|Any CPU
		{639BEF66-A5B7-47C9-AB95-0AAC32C84E17}.Release|Any CPU.Build.0 = Release|Any CPU
		{639BEF66-A5B7-47C9-AB95-0AAC32C84E17}.Release|x64.ActiveCfg = Release|x64
		{639BEF66-A5B7-47C9-AB95-0AAC32C84E17}.Release|x64.Build.0 = Release|x64
		{639BEF66-A5B7-47C9-AB95-0AAC32C84E17}.Release|x86.ActiveCfg = Release|x86
		{639BEF66-A5B7-47C9-AB95-0AAC32C84E17}.Release|x86.Build.0 = Release|x86
		{D62B7300-C584-4AC2-B688-B27E34910F0E}.Debug|Any CPU.ActiveCfg = Debug|Any CPU
		{D62B7300-C584-4AC2-B688-B27E34910F0E}.Debug|Any CPU.Build.0 = Debug|Any CPU
		{D62B7300-C584-4AC2-B688-B27E34910F0E}.Debug|x64.ActiveCfg = Debug|x64
		{D62B7300-C584-4AC2-B688-B27E34910F0E}.Debug|x64.Build.0 = Debug|x64
		{D62B7300-C584-4AC2-B688-B27E34910F0E}.Debug|x86.ActiveCfg = Debug|x86
		{D62B7300-C584-4AC2-B688-B27E34910F0E}.Debug|x86.Build.0 = Debug|x86
		{D62B7300-C584-4AC2-B688-B27E34910F0E}.Release|Any CPU.ActiveCfg = Release|Any CPU
		{D62B7300-C584-4AC2-B688-B27E34910F0E}.Release|Any CPU.Build.0 = Release|Any CPU
		{D62B7300-C584-4AC2-B688-B27E34910F0E}.Release|x64.ActiveCfg = Release|x64
		{D62B7300-C584-4AC2-B688-B27E34910F0E}.Release|x64.Build.0 = Release|x64
		{D62B7300-C584-4AC2-B688-B27E34910F0E}.Release|x86.ActiveCfg = Release|x86
		{D62B7300-C584-4AC2-B688-B27E34910F0E}.Release|x86.Build.0 = Release|x86
	EndGlobalSection
EndGlobal
